// !$*UTF8*$!
{
	archiveVersion = 1;
	classes = {
	};
	objectVersion = 46;
	objects = {

/* Begin PBXBuildFile section */
		E306A06B1CF93E6800B93CED /* DetailImageViewController.swift in Sources */ = {isa = PBXBuildFile; fileRef = E306A06A1CF93E6800B93CED /* DetailImageViewController.swift */; };
		E34902781CF8DBED00695878 /* PhotoObject.swift in Sources */ = {isa = PBXBuildFile; fileRef = E34902771CF8DBED00695878 /* PhotoObject.swift */; };
		E34902791CF8DF5B00695878 /* Info.plist in Resources */ = {isa = PBXBuildFile; fileRef = E3B36E181CF7A139005570EE /* Info.plist */; };
		E3B36DF71CF7A139005570EE /* AppDelegate.swift in Sources */ = {isa = PBXBuildFile; fileRef = E3B36DF61CF7A139005570EE /* AppDelegate.swift */; };
		E3B36DFC1CF7A139005570EE /* Main.storyboard in Resources */ = {isa = PBXBuildFile; fileRef = E3B36DFA1CF7A139005570EE /* Main.storyboard */; };
		E3B36DFE1CF7A139005570EE /* Assets.xcassets in Resources */ = {isa = PBXBuildFile; fileRef = E3B36DFD1CF7A139005570EE /* Assets.xcassets */; };
		E3B36E011CF7A139005570EE /* LaunchScreen.storyboard in Resources */ = {isa = PBXBuildFile; fileRef = E3B36DFF1CF7A139005570EE /* LaunchScreen.storyboard */; };
		E3B36E0C1CF7A139005570EE /* HTTPRequestFakeJSONTests.swift in Sources */ = {isa = PBXBuildFile; fileRef = E3B36E0B1CF7A139005570EE /* HTTPRequestFakeJSONTests.swift */; };
		E3B36E171CF7A139005570EE /* HTTPRequestFakeJSONUITests.swift in Sources */ = {isa = PBXBuildFile; fileRef = E3B36E161CF7A139005570EE /* HTTPRequestFakeJSONUITests.swift */; };
		E3B36E251CF7A1C8005570EE /* FakeJSONTableViewController.swift in Sources */ = {isa = PBXBuildFile; fileRef = E3B36E241CF7A1C8005570EE /* FakeJSONTableViewController.swift */; };
/* End PBXBuildFile section */

/* Begin PBXContainerItemProxy section */
		E3B36E081CF7A139005570EE /* PBXContainerItemProxy */ = {
			isa = PBXContainerItemProxy;
			containerPortal = E3B36DEB1CF7A139005570EE /* Project object */;
			proxyType = 1;
			remoteGlobalIDString = E3B36DF21CF7A139005570EE;
			remoteInfo = HTTPRequestFakeJSON;
		};
		E3B36E131CF7A139005570EE /* PBXContainerItemProxy */ = {
			isa = PBXContainerItemProxy;
			containerPortal = E3B36DEB1CF7A139005570EE /* Project object */;
			proxyType = 1;
			remoteGlobalIDString = E3B36DF21CF7A139005570EE;
			remoteInfo = HTTPRequestFakeJSON;
		};
/* End PBXContainerItemProxy section */

/* Begin PBXFileReference section */
		E306A06A1CF93E6800B93CED /* DetailImageViewController.swift */ = {isa = PBXFileReference; fileEncoding = 4; lastKnownFileType = sourcecode.swift; path = DetailImageViewController.swift; sourceTree = "<group>"; };
		E34902771CF8DBED00695878 /* PhotoObject.swift */ = {isa = PBXFileReference; fileEncoding = 4; lastKnownFileType = sourcecode.swift; path = PhotoObject.swift; sourceTree = "<group>"; };
		E3B36DF31CF7A139005570EE /* HTTPRequestFakeJSON.app */ = {isa = PBXFileReference; explicitFileType = wrapper.application; includeInIndex = 0; path = HTTPRequestFakeJSON.app; sourceTree = BUILT_PRODUCTS_DIR; };
		E3B36DF61CF7A139005570EE /* AppDelegate.swift */ = {isa = PBXFileReference; lastKnownFileType = sourcecode.swift; path = AppDelegate.swift; sourceTree = "<group>"; };
		E3B36DFB1CF7A139005570EE /* Base */ = {isa = PBXFileReference; lastKnownFileType = file.storyboard; name = Base; path = Base.lproj/Main.storyboard; sourceTree = "<group>"; };
		E3B36DFD1CF7A139005570EE /* Assets.xcassets */ = {isa = PBXFileReference; lastKnownFileType = folder.assetcatalog; path = Assets.xcassets; sourceTree = "<group>"; };
		E3B36E001CF7A139005570EE /* Base */ = {isa = PBXFileReference; lastKnownFileType = file.storyboard; name = Base; path = Base.lproj/LaunchScreen.storyboard; sourceTree = "<group>"; };
		E3B36E021CF7A139005570EE /* Info.plist */ = {isa = PBXFileReference; lastKnownFileType = text.plist.xml; path = Info.plist; sourceTree = "<group>"; };
		E3B36E071CF7A139005570EE /* HTTPRequestFakeJSONTests.xctest */ = {isa = PBXFileReference; explicitFileType = wrapper.cfbundle; includeInIndex = 0; path = HTTPRequestFakeJSONTests.xctest; sourceTree = BUILT_PRODUCTS_DIR; };
		E3B36E0B1CF7A139005570EE /* HTTPRequestFakeJSONTests.swift */ = {isa = PBXFileReference; lastKnownFileType = sourcecode.swift; path = HTTPRequestFakeJSONTests.swift; sourceTree = "<group>"; };
		E3B36E0D1CF7A139005570EE /* Info.plist */ = {isa = PBXFileReference; lastKnownFileType = text.plist.xml; path = Info.plist; sourceTree = "<group>"; };
		E3B36E121CF7A139005570EE /* HTTPRequestFakeJSONUITests.xctest */ = {isa = PBXFileReference; explicitFileType = wrapper.cfbundle; includeInIndex = 0; path = HTTPRequestFakeJSONUITests.xctest; sourceTree = BUILT_PRODUCTS_DIR; };
		E3B36E161CF7A139005570EE /* HTTPRequestFakeJSONUITests.swift */ = {isa = PBXFileReference; lastKnownFileType = sourcecode.swift; path = HTTPRequestFakeJSONUITests.swift; sourceTree = "<group>"; };
		E3B36E181CF7A139005570EE /* Info.plist */ = {isa = PBXFileReference; lastKnownFileType = text.plist.xml; path = Info.plist; sourceTree = "<group>"; };
		E3B36E241CF7A1C8005570EE /* FakeJSONTableViewController.swift */ = {isa = PBXFileReference; fileEncoding = 4; lastKnownFileType = sourcecode.swift; name = FakeJSONTableViewController.swift; path = ../FakeJSONTableViewController.swift; sourceTree = "<group>"; };
/* End PBXFileReference section */

/* Begin PBXFrameworksBuildPhase section */
		E3B36DF01CF7A139005570EE /* Frameworks */ = {
			isa = PBXFrameworksBuildPhase;
			buildActionMask = 2147483647;
			files = (
			);
			runOnlyForDeploymentPostprocessing = 0;
		};
		E3B36E041CF7A139005570EE /* Frameworks */ = {
			isa = PBXFrameworksBuildPhase;
			buildActionMask = 2147483647;
			files = (
			);
			runOnlyForDeploymentPostprocessing = 0;
		};
		E3B36E0F1CF7A139005570EE /* Frameworks */ = {
			isa = PBXFrameworksBuildPhase;
			buildActionMask = 2147483647;
			files = (
			);
			runOnlyForDeploymentPostprocessing = 0;
		};
/* End PBXFrameworksBuildPhase section */

/* Begin PBXGroup section */
		E3B36DEA1CF7A139005570EE = {
			isa = PBXGroup;
			children = (
				E3B36DF51CF7A139005570EE /* HTTPRequestFakeJSON */,
				E3B36E0A1CF7A139005570EE /* HTTPRequestFakeJSONTests */,
				E3B36E151CF7A139005570EE /* HTTPRequestFakeJSONUITests */,
				E3B36DF41CF7A139005570EE /* Products */,
			);
			sourceTree = "<group>";
		};
		E3B36DF41CF7A139005570EE /* Products */ = {
			isa = PBXGroup;
			children = (
				E3B36DF31CF7A139005570EE /* HTTPRequestFakeJSON.app */,
				E3B36E071CF7A139005570EE /* HTTPRequestFakeJSONTests.xctest */,
				E3B36E121CF7A139005570EE /* HTTPRequestFakeJSONUITests.xctest */,
			);
			name = Products;
			sourceTree = "<group>";
		};
		E3B36DF51CF7A139005570EE /* HTTPRequestFakeJSON */ = {
			isa = PBXGroup;
			children = (
				E3B36DF61CF7A139005570EE /* AppDelegate.swift */,
				E3B36DFA1CF7A139005570EE /* Main.storyboard */,
				E34902771CF8DBED00695878 /* PhotoObject.swift */,
				E3B36E241CF7A1C8005570EE /* FakeJSONTableViewController.swift */,
				E306A06A1CF93E6800B93CED /* DetailImageViewController.swift */,
				E3B36DFD1CF7A139005570EE /* Assets.xcassets */,
				E3B36DFF1CF7A139005570EE /* LaunchScreen.storyboard */,
				E3B36E021CF7A139005570EE /* Info.plist */,
			);
			path = HTTPRequestFakeJSON;
			sourceTree = "<group>";
		};
		E3B36E0A1CF7A139005570EE /* HTTPRequestFakeJSONTests */ = {
			isa = PBXGroup;
			children = (
				E3B36E0B1CF7A139005570EE /* HTTPRequestFakeJSONTests.swift */,
				E3B36E0D1CF7A139005570EE /* Info.plist */,
			);
			path = HTTPRequestFakeJSONTests;
			sourceTree = "<group>";
		};
		E3B36E151CF7A139005570EE /* HTTPRequestFakeJSONUITests */ = {
			isa = PBXGroup;
			children = (
				E3B36E161CF7A139005570EE /* HTTPRequestFakeJSONUITests.swift */,
				E3B36E181CF7A139005570EE /* Info.plist */,
			);
			path = HTTPRequestFakeJSONUITests;
			sourceTree = "<group>";
		};
/* End PBXGroup section */

/* Begin PBXNativeTarget section */
		E3B36DF21CF7A139005570EE /* HTTPRequestFakeJSON */ = {
			isa = PBXNativeTarget;
			buildConfigurationList = E3B36E1B1CF7A139005570EE /* Build configuration list for PBXNativeTarget "HTTPRequestFakeJSON" */;
			buildPhases = (
				E3B36DEF1CF7A139005570EE /* Sources */,
				E3B36DF01CF7A139005570EE /* Frameworks */,
				E3B36DF11CF7A139005570EE /* Resources */,
			);
			buildRules = (
			);
			dependencies = (
			);
			name = HTTPRequestFakeJSON;
			productName = HTTPRequestFakeJSON;
			productReference = E3B36DF31CF7A139005570EE /* HTTPRequestFakeJSON.app */;
			productType = "com.apple.product-type.application";
		};
		E3B36E061CF7A139005570EE /* HTTPRequestFakeJSONTests */ = {
			isa = PBXNativeTarget;
			buildConfigurationList = E3B36E1E1CF7A139005570EE /* Build configuration list for PBXNativeTarget "HTTPRequestFakeJSONTests" */;
			buildPhases = (
				E3B36E031CF7A139005570EE /* Sources */,
				E3B36E041CF7A139005570EE /* Frameworks */,
				E3B36E051CF7A139005570EE /* Resources */,
			);
			buildRules = (
			);
			dependencies = (
				E3B36E091CF7A139005570EE /* PBXTargetDependency */,
			);
			name = HTTPRequestFakeJSONTests;
			productName = HTTPRequestFakeJSONTests;
			productReference = E3B36E071CF7A139005570EE /* HTTPRequestFakeJSONTests.xctest */;
			productType = "com.apple.product-type.bundle.unit-test";
		};
		E3B36E111CF7A139005570EE /* HTTPRequestFakeJSONUITests */ = {
			isa = PBXNativeTarget;
			buildConfigurationList = E3B36E211CF7A139005570EE /* Build configuration list for PBXNativeTarget "HTTPRequestFakeJSONUITests" */;
			buildPhases = (
				E3B36E0E1CF7A139005570EE /* Sources */,
				E3B36E0F1CF7A139005570EE /* Frameworks */,
				E3B36E101CF7A139005570EE /* Resources */,
			);
			buildRules = (
			);
			dependencies = (
				E3B36E141CF7A139005570EE /* PBXTargetDependency */,
			);
			name = HTTPRequestFakeJSONUITests;
			productName = HTTPRequestFakeJSONUITests;
			productReference = E3B36E121CF7A139005570EE /* HTTPRequestFakeJSONUITests.xctest */;
			productType = "com.apple.product-type.bundle.ui-testing";
		};
/* End PBXNativeTarget section */

/* Begin PBXProject section */
		E3B36DEB1CF7A139005570EE /* Project object */ = {
			isa = PBXProject;
			attributes = {
				LastSwiftUpdateCheck = 0730;
				LastUpgradeCheck = 0730;
				ORGANIZATIONNAME = "Bereket Ghebremedhin";
				TargetAttributes = {
					E3B36DF21CF7A139005570EE = {
						CreatedOnToolsVersion = 7.3.1;
					};
					E3B36E061CF7A139005570EE = {
						CreatedOnToolsVersion = 7.3.1;
						TestTargetID = E3B36DF21CF7A139005570EE;
					};
					E3B36E111CF7A139005570EE = {
						CreatedOnToolsVersion = 7.3.1;
						TestTargetID = E3B36DF21CF7A139005570EE;
					};
				};
			};
			buildConfigurationList = E3B36DEE1CF7A139005570EE /* Build configuration list for PBXProject "HTTPRequestFakeJSON" */;
			compatibilityVersion = "Xcode 3.2";
			developmentRegion = English;
			hasScannedForEncodings = 0;
			knownRegions = (
				en,
				Base,
			);
			mainGroup = E3B36DEA1CF7A139005570EE;
			productRefGroup = E3B36DF41CF7A139005570EE /* Products */;
			projectDirPath = "";
			projectRoot = "";
			targets = (
				E3B36DF21CF7A139005570EE /* HTTPRequestFakeJSON */,
				E3B36E061CF7A139005570EE /* HTTPRequestFakeJSONTests */,
				E3B36E111CF7A139005570EE /* HTTPRequestFakeJSONUITests */,
			);
		};
/* End PBXProject section */

/* Begin PBXResourcesBuildPhase section */
		E3B36DF11CF7A139005570EE /* Resources */ = {
			isa = PBXResourcesBuildPhase;
			buildActionMask = 2147483647;
			files = (
				E3B36E011CF7A139005570EE /* LaunchScreen.storyboard in Resources */,
				E3B36DFE1CF7A139005570EE /* Assets.xcassets in Resources */,
				E3B36DFC1CF7A139005570EE /* Main.storyboard in Resources */,
			);
			runOnlyForDeploymentPostprocessing = 0;
		};
		E3B36E051CF7A139005570EE /* Resources */ = {
			isa = PBXResourcesBuildPhase;
			buildActionMask = 2147483647;
			files = (
			);
			runOnlyForDeploymentPostprocessing = 0;
		};
		E3B36E101CF7A139005570EE /* Resources */ = {
			isa = PBXResourcesBuildPhase;
			buildActionMask = 2147483647;
			files = (
				E34902791CF8DF5B00695878 /* Info.plist in Resources */,
			);
			runOnlyForDeploymentPostprocessing = 0;
		};
/* End PBXResourcesBuildPhase section */

/* Begin PBXSourcesBuildPhase section */
		E3B36DEF1CF7A139005570EE /* Sources */ = {
			isa = PBXSourcesBuildPhase;
			buildActionMask = 2147483647;
			files = (
				E3B36E251CF7A1C8005570EE /* FakeJSONTableViewController.swift in Sources */,
				E3B36DF71CF7A139005570EE /* AppDelegate.swift in Sources */,
				E34902781CF8DBED00695878 /* PhotoObject.swift in Sources */,
				E306A06B1CF93E6800B93CED /* DetailImageViewController.swift in Sources */,
			);
			runOnlyForDeploymentPostprocessing = 0;
		};
		E3B36E031CF7A139005570EE /* Sources */ = {
			isa = PBXSourcesBuildPhase;
			buildActionMask = 2147483647;
			files = (
				E3B36E0C1CF7A139005570EE /* HTTPRequestFakeJSONTests.swift in Sources */,
			);
			runOnlyForDeploymentPostprocessing = 0;
		};
		E3B36E0E1CF7A139005570EE /* Sources */ = {
			isa = PBXSourcesBuildPhase;
			buildActionMask = 2147483647;
			files = (
				E3B36E171CF7A139005570EE /* HTTPRequestFakeJSONUITests.swift in Sources */,
			);
			runOnlyForDeploymentPostprocessing = 0;
		};
/* End PBXSourcesBuildPhase section */

/* Begin PBXTargetDependency section */
		E3B36E091CF7A139005570EE /* PBXTargetDependency */ = {
			isa = PBXTargetDependency;
			target = E3B36DF21CF7A139005570EE /* HTTPRequestFakeJSON */;
			targetProxy = E3B36E081CF7A139005570EE /* PBXContainerItemProxy */;
		};
		E3B36E141CF7A139005570EE /* PBXTargetDependency */ = {
			isa = PBXTargetDependency;
			target = E3B36DF21CF7A139005570EE /* HTTPRequestFakeJSON */;
			targetProxy = E3B36E131CF7A139005570EE /* PBXContainerItemProxy */;
		};
/* End PBXTargetDependency section */

/* Begin PBXVariantGroup section */
		E3B36DFA1CF7A139005570EE /* Main.storyboard */ = {
			isa = PBXVariantGroup;
			children = (
				E3B36DFB1CF7A139005570EE /* Base */,
			);
			name = Main.storyboard;
			sourceTree = "<group>";
		};
		E3B36DFF1CF7A139005570EE /* LaunchScreen.storyboard */ = {
			isa = PBXVariantGroup;
			children = (
				E3B36E001CF7A139005570EE /* Base */,
			);
			name = LaunchScreen.storyboard;
			sourceTree = "<group>";
		};
/* End PBXVariantGroup section */

/* Begin XCBuildConfiguration section */
		E3B36E191CF7A139005570EE /* Debug */ = {
			isa = XCBuildConfiguration;
			buildSettings = {
				ALWAYS_SEARCH_USER_PATHS = NO;
				CLANG_ANALYZER_NONNULL = YES;
				CLANG_CXX_LANGUAGE_STANDARD = "gnu++0x";
				CLANG_CXX_LIBRARY = "libc++";
				CLANG_ENABLE_MODULES = YES;
				CLANG_ENABLE_OBJC_ARC = YES;
				CLANG_WARN_BOOL_CONVERSION = YES;
				CLANG_WARN_CONSTANT_CONVERSION = YES;
				CLANG_WARN_DIRECT_OBJC_ISA_USAGE = YES_ERROR;
				CLANG_WARN_EMPTY_BODY = YES;
				CLANG_WARN_ENUM_CONVERSION = YES;
				CLANG_WARN_INT_CONVERSION = YES;
				CLANG_WARN_OBJC_ROOT_CLASS = YES_ERROR;
				CLANG_WARN_UNREACHABLE_CODE = YES;
				CLANG_WARN__DUPLICATE_METHOD_MATCH = YES;
				"CODE_SIGN_IDENTITY[sdk=iphoneos*]" = "iPhone Developer";
				COPY_PHASE_STRIP = NO;
				DEBUG_INFORMATION_FORMAT = dwarf;
				ENABLE_STRICT_OBJC_MSGSEND = YES;
				ENABLE_TESTABILITY = YES;
				GCC_C_LANGUAGE_STANDARD = gnu99;
				GCC_DYNAMIC_NO_PIC = NO;
				GCC_NO_COMMON_BLOCKS = YES;
				GCC_OPTIMIZATION_LEVEL = 0;
				GCC_PREPROCESSOR_DEFINITIONS = (
					"DEBUG=1",
					"$(inherited)",
				);
				GCC_WARN_64_TO_32_BIT_CONVERSION = YES;
				GCC_WARN_ABOUT_RETURN_TYPE = YES_ERROR;
				GCC_WARN_UNDECLARED_SELECTOR = YES;
				GCC_WARN_UNINITIALIZED_AUTOS = YES_AGGRESSIVE;
				GCC_WARN_UNUSED_FUNCTION = YES;
				GCC_WARN_UNUSED_VARIABLE = YES;
				IPHONEOS_DEPLOYMENT_TARGET = 9.3;
				MTL_ENABLE_DEBUG_INFO = YES;
				ONLY_ACTIVE_ARCH = YES;
				SDKROOT = iphoneos;
				SWIFT_OPTIMIZATION_LEVEL = "-Onone";
				TARGETED_DEVICE_FAMILY = "1,2";
			};
			name = Debug;
		};
		E3B36E1A1CF7A139005570EE /* Release */ = {
			isa = XCBuildConfiguration;
			buildSettings = {
				ALWAYS_SEARCH_USER_PATHS = NO;
				CLANG_ANALYZER_NONNULL = YES;
				CLANG_CXX_LANGUAGE_STANDARD = "gnu++0x";
				CLANG_CXX_LIBRARY = "libc++";
				CLANG_ENABLE_MODULES = YES;
				CLANG_ENABLE_OBJC_ARC = YES;
				CLANG_WARN_BOOL_CONVERSION = YES;
				CLANG_WARN_CONSTANT_CONVERSION = YES;
				CLANG_WARN_DIRECT_OBJC_ISA_USAGE = YES_ERROR;
				CLANG_WARN_EMPTY_BODY = YES;
				CLANG_WARN_ENUM_CONVERSION = YES;
				CLANG_WARN_INT_CONVERSION = YES;
				CLANG_WARN_OBJC_ROOT_CLASS = YES_ERROR;
				CLANG_WARN_UNREACHABLE_CODE = YES;
				CLANG_WARN__DUPLICATE_METHOD_MATCH = YES;
				"CODE_SIGN_IDENTITY[sdk=iphoneos*]" = "iPhone Developer";
				COPY_PHASE_STRIP = NO;
				DEBUG_INFORMATION_FORMAT = "dwarf-with-dsym";
				ENABLE_NS_ASSERTIONS = NO;
				ENABLE_STRICT_OBJC_MSGSEND = YES;
				GCC_C_LANGUAGE_STANDARD = gnu99;
				GCC_NO_COMMON_BLOCKS = YES;
				GCC_WARN_64_TO_32_BIT_CONVERSION = YES;
				GCC_WARN_ABOUT_RETURN_TYPE = YES_ERROR;
				GCC_WARN_UNDECLARED_SELECTOR = YES;
				GCC_WARN_UNINITIALIZED_AUTOS = YES_AGGRESSIVE;
				GCC_WARN_UNUSED_FUNCTION = YES;
				GCC_WARN_UNUSED_VARIABLE = YES;
				IPHONEOS_DEPLOYMENT_TARGET = 9.3;
				MTL_ENABLE_DEBUG_INFO = NO;
				SDKROOT = iphoneos;
				TARGETED_DEVICE_FAMILY = "1,2";
				VALIDATE_PRODUCT = YES;
			};
			name = Release;
		};
		E3B36E1C1CF7A139005570EE /* Debug */ = {
			isa = XCBuildConfiguration;
			buildSettings = {
				ASSETCATALOG_COMPILER_APPICON_NAME = AppIcon;
				INFOPLIST_FILE = HTTPRequestFakeJSON/Info.plist;
				LD_RUNPATH_SEARCH_PATHS = "$(inherited) @executable_path/Frameworks";
				PRODUCT_BUNDLE_IDENTIFIER = com.Bereket.HTTPRequestFakeJSON;
				PRODUCT_NAME = "$(TARGET_NAME)";
			};
			name = Debug;
		};
		E3B36E1D1CF7A139005570EE /* Release */ = {
			isa = XCBuildConfiguration;
			buildSettings = {
				ASSETCATALOG_COMPILER_APPICON_NAME = AppIcon;
				INFOPLIST_FILE = HTTPRequestFakeJSON/Info.plist;
				LD_RUNPATH_SEARCH_PATHS = "$(inherited) @executable_path/Frameworks";
				PRODUCT_BUNDLE_IDENTIFIER = com.Bereket.HTTPRequestFakeJSON;
				PRODUCT_NAME = "$(TARGET_NAME)";
			};
			name = Release;
		};
		E3B36E1F1CF7A139005570EE /* Debug */ = {
			isa = XCBuildConfiguration;
			buildSettings = {
				BUNDLE_LOADER = "$(TEST_HOST)";
				INFOPLIST_FILE = HTTPRequestFakeJSONTests/Info.plist;
				LD_RUNPATH_SEARCH_PATHS = "$(inherited) @executable_path/Frameworks @loader_path/Frameworks";
				PRODUCT_BUNDLE_IDENTIFIER = com.Bereket.HTTPRequestFakeJSONTests;
				PRODUCT_NAME = "$(TARGET_NAME)";
				TEST_HOST = "$(BUILT_PRODUCTS_DIR)/HTTPRequestFakeJSON.app/HTTPRequestFakeJSON";
			};
			name = Debug;
		};
		E3B36E201CF7A139005570EE /* Release */ = {
			isa = XCBuildConfiguration;
			buildSettings = {
				BUNDLE_LOADER = "$(TEST_HOST)";
				INFOPLIST_FILE = HTTPRequestFakeJSONTests/Info.plist;
				LD_RUNPATH_SEARCH_PATHS = "$(inherited) @executable_path/Frameworks @loader_path/Frameworks";
				PRODUCT_BUNDLE_IDENTIFIER = com.Bereket.HTTPRequestFakeJSONTests;
				PRODUCT_NAME = "$(TARGET_NAME)";
				TEST_HOST = "$(BUILT_PRODUCTS_DIR)/HTTPRequestFakeJSON.app/HTTPRequestFakeJSON";
			};
			name = Release;
		};
		E3B36E221CF7A139005570EE /* Debug */ = {
			isa = XCBuildConfiguration;
			buildSettings = {
				INFOPLIST_FILE = HTTPRequestFakeJSONUITests/Info.plist;
				LD_RUNPATH_SEARCH_PATHS = "$(inherited) @executable_path/Frameworks @loader_path/Frameworks";
				PRODUCT_BUNDLE_IDENTIFIER = com.Bereket.HTTPRequestFakeJSONUITests;
				PRODUCT_NAME = "$(TARGET_NAME)";
				TEST_TARGET_NAME = HTTPRequestFakeJSON;
			};
			name = Debug;
		};
		E3B36E231CF7A139005570EE /* Release */ = {
			isa = XCBuildConfiguration;
			buildSettings = {
				INFOPLIST_FILE = HTTPRequestFakeJSONUITests/Info.plist;
				LD_RUNPATH_SEARCH_PATHS = "$(inherited) @executable_path/Frameworks @loader_path/Frameworks";
				PRODUCT_BUNDLE_IDENTIFIER = com.Bereket.HTTPRequestFakeJSONUITests;
				PRODUCT_NAME = "$(TARGET_NAME)";
				TEST_TARGET_NAME = HTTPRequestFakeJSON;
			};
			name = Release;
		};
/* End XCBuildConfiguration section */

/* Begin XCConfigurationList section */
		E3B36DEE1CF7A139005570EE /* Build configuration list for PBXProject "HTTPRequestFakeJSON" */ = {
			isa = XCConfigurationList;
			buildConfigurations = (
				E3B36E191CF7A139005570EE /* Debug */,
				E3B36E1A1CF7A139005570EE /* Release */,
			);
			defaultConfigurationIsVisible = 0;
			defaultConfigurationName = Release;
		};
		E3B36E1B1CF7A139005570EE /* Build configuration list for PBXNativeTarget "HTTPRequestFakeJSON" */ = {
			isa = XCConfigurationList;
			buildConfigurations = (
				E3B36E1C1CF7A139005570EE /* Debug */,
				E3B36E1D1CF7A139005570EE /* Release */,
			);
			defaultConfigurationIsVisible = 0;
			defaultConfigurationName = Release;
		};
		E3B36E1E1CF7A139005570EE /* Build configuration list for PBXNativeTarget "HTTPRequestFakeJSONTests" */ = {
			isa = XCConfigurationList;
			buildConfigurations = (
				E3B36E1F1CF7A139005570EE /* Debug */,
				E3B36E201CF7A139005570EE /* Release */,
			);
			defaultConfigurationIsVisible = 0;
			defaultConfigurationName = Release;
		};
		E3B36E211CF7A139005570EE /* Build configuration list for PBXNativeTarget "HTTPRequestFakeJSONUITests" */ = {
			isa = XCConfigurationList;
			buildConfigurations = (
				E3B36E221CF7A139005570EE /* Debug */,
				E3B36E231CF7A139005570EE /* Release */,
			);
			defaultConfigurationIsVisible = 0;
			defaultConfigurationName = Release;
		};
/* End XCConfigurationList section */
	};
	rootObject = E3B36DEB1CF7A139005570EE /* Project object */;
}
